
Microsoft Visual Studio Solution File, Format Version 12.00
# Visual Studio Version 17
VisualStudioVersion = 17.3.32728.150
MinimumVisualStudioVersion = 10.0.40219.1
Project("{9A19103F-16F7-4668-BE54-9A1E7A4F7556}") = "FMWatchIt", "FMFuckIt\FMWatchIt.csproj", "{95BC153B-2F4D-4F96-959B-713E27CA3189}"
EndProject
Project("{9A19103F-16F7-4668-BE54-9A1E7A4F7556}") = "Setup", "Setup\Setup.csproj", "{137C8EB6-C523-41AB-8417-82E7A0399687}"
EndProject
Project("{9A19103F-16F7-4668-BE54-9A1E7A4F7556}") = "FMWatchIt.Service", "FMWatchIt.Service\FMWatchIt.Service.csproj", "{DA4A04AD-8078-40FC-A5D7-E6E4DEC5ADF9}"
EndProject
Global
	GlobalSection(SolutionConfigurationPlatforms) = preSolution
		Debug|Any CPU = Debug|Any CPU
		Release|Any CPU = Release|Any CPU
	EndGlobalSection
	GlobalSection(ProjectConfigurationPlatforms) = postSolution
		{95BC153B-2F4D-4F96-959B-713E27CA3189}.Debug|Any CPU.ActiveCfg = Debug|Any CPU
		{95BC153B-2F4D-4F96-959B-713E27CA3189}.Debug|Any CPU.Build.0 = Debug|Any CPU
		{95BC153B-2F4D-4F96-959B-713E27CA3189}.Release|Any CPU.ActiveCfg = Release|Any CPU
		{95BC153B-2F4D-4F96-959B-713E27CA3189}.Release|Any CPU.Build.0 = Release|Any CPU
		{137C8EB6-C523-41AB-8417-82E7A0399687}.Debug|Any CPU.ActiveCfg = Debug|Any CPU
		{137C8EB6-C523-41AB-8417-82E7A0399687}.Debug|Any CPU.Build.0 = Debug|Any CPU
		{137C8EB6-C523-41AB-8417-82E7A0399687}.Release|Any CPU.ActiveCfg = Release|Any CPU
		{137C8EB6-C523-41AB-8417-82E7A0399687}.Release|Any CPU.Build.0 = Release|Any CPU
		{DA4A04AD-8078-40FC-A5D7-E6E4DEC5ADF9}.Debug|Any CPU.ActiveCfg = Debug|Any CPU
		{DA4A04AD-8078-40FC-A5D7-E6E4DEC5ADF9}.Debug|Any CPU.Build.0 = Debug|Any CPU
		{DA4A04AD-8078-40FC-A5D7-E6E4DEC5ADF9}.Release|Any CPU.ActiveCfg = Release|Any CPU
		{DA4A04AD-8078-40FC-A5D7-E6E4DEC5ADF9}.Release|Any CPU.Build.0 = Release|Any CPU
	EndGlobalSection
	GlobalSection(SolutionProperties) = preSolution
		HideSolutionNode = FALSE
	EndGlobalSection
	GlobalSection(ExtensibilityGlobals) = postSolution
		SolutionGuid = {CDAF6EAB-794A-44E9-9E50-DADA611F080E}
	EndGlobalSection
EndGlobal
